// !$*UTF8*$!
{
	archiveVersion = 1;
	classes = {
	};
	objectVersion = 60;
	objects = {

/* Begin PBXBuildFile section */
		30328DFD2FDBD50100696F7B /* Assets.xcassets in Resources */ = {isa = PBXBuildFile; fileRef = 30328DF32FDBD50100696F7B /* Assets.xcassets */; };
		30328DFF2FDBD50100696F7B /* LaunchScreen.storyboard in Resources */ = {isa = PBXBuildFile; fileRef = 30328DF72FDBD50100696F7B /* LaunchScreen.storyboard */; };
		30328E002FDBD50100696F7B /* Main.storyboard in Resources */ = {isa = PBXBuildFile; fileRef = 30328DF92FDBD50100696F7B /* Main.storyboard */; };
		30328E012FDBD50100696F7B /* AppColors.swift in Sources */ = {isa = PBXBuildFile; fileRef = 30328DD92FDBD50100696F7B /* AppColors.swift */; };
		30328E022FDBD50100696F7B /* AppLinks.swift in Sources */ = {isa = PBXBuildFile; fileRef = 30328DDA2FDBD50100696F7B /* AppLinks.swift */; };
		30328E032FDBD50100696F7B /* AppStorage.swift in Sources */ = {isa = PBXBuildFile; fileRef = 30328DDB2FDBD50100696F7B /* AppStorage.swift */; };
		30328E042FDBD50100696F7B /* AppConfiguration.swift in Sources */ = {isa = PBXBuildFile; fileRef = 30328DDD2FDBD50100696F7B /* AppConfiguration.swift */; };
		30328E052FDBD50100696F7B /* CookieManager.swift in Sources */ = {isa = PBXBuildFile; fileRef = 30328DDE2FDBD50100696F7B /* CookieManager.swift */; };
		30328E062FDBD50100696F7B /* GameView.swift in Sources */ = {isa = PBXBuildFile; fileRef = 30328DDF2FDBD50100696F7B /* GameView.swift */; };
		30328E072FDBD50100696F7B /* JSBridgeHandler.swift in Sources */ = {isa = PBXBuildFile; fileRef = 30328DE02FDBD50100696F7B /* JSBridgeHandler.swift */; };
		30328E082FDBD50100696F7B /* LoadingView.swift in Sources */ = {isa = PBXBuildFile; fileRef = 30328DE12FDBD50100696F7B /* LoadingView.swift */; };
		30328E092FDBD50100696F7B /* NavigationHandler.swift in Sources */ = {isa = PBXBuildFile; fileRef = 30328DE22FDBD50100696F7B /* NavigationHandler.swift */; };
		30328E0A2FDBD50100696F7B /* RootFlowView.swift in Sources */ = {isa = PBXBuildFile; fileRef = 30328DE32FDBD50100696F7B /* RootFlowView.swift */; };
		30328E0B2FDBD50100696F7B /* SplashView.swift in Sources */ = {isa = PBXBuildFile; fileRef = 30328DE42FDBD50100696F7B /* SplashView.swift */; };
		30328E0C2FDBD50100696F7B /* WebContainerView.swift in Sources */ = {isa = PBXBuildFile; fileRef = 30328DE52FDBD50100696F7B /* WebContainerView.swift */; };
		30328E0D2FDBD50100696F7B /* WebCoordinator.swift in Sources */ = {isa = PBXBuildFile; fileRef = 30328DE62FDBD50100696F7B /* WebCoordinator.swift */; };
		30328E0E2FDBD50100696F7B /* AppModels.swift in Sources */ = {isa = PBXBuildFile; fileRef = 30328DE82FDBD50100696F7B /* AppModels.swift */; };
		30328E0F2FDBD50100696F7B /* ActivitiesViewModels.swift in Sources */ = {isa = PBXBuildFile; fileRef = 30328DEA2FDBD50100696F7B /* ActivitiesViewModels.swift */; };
		30328E102FDBD50100696F7B /* AppViews.swift in Sources */ = {isa = PBXBuildFile; fileRef = 30328DF02FDBD50100696F7B /* AppViews.swift */; };
		30328E112FDBD50100696F7B /* AppDelegate.swift in Sources */ = {isa = PBXBuildFile; fileRef = 30328DF22FDBD50100696F7B /* AppDelegate.swift */; };
		30328E122FDBD50100696F7B /* ContentView.swift in Sources */ = {isa = PBXBuildFile; fileRef = 30328DF42FDBD50100696F7B /* ContentView.swift */; };
		30328E132FDBD50100696F7B /* SceneDelegate.swift in Sources */ = {isa = PBXBuildFile; fileRef = 30328DFA2FDBD50100696F7B /* SceneDelegate.swift */; };
		30328E142FDBD50100696F7B /* ViewController.swift in Sources */ = {isa = PBXBuildFile; fileRef = 30328DFB2FDBD50100696F7B /* ViewController.swift */; };
/* End PBXBuildFile section */

/* Begin PBXFileReference section */
		117828FF46666A19C2DE2B75 /* Pods-152SosletrorparRelpril.release.xcconfig */ = {isa = PBXFileReference; includeInIndex = 1; lastKnownFileType = text.xcconfig; name = "Pods-152SosletrorparRelpril.release.xcconfig"; path = "Target Support Files/Pods-152SosletrorparRelpril/Pods-152SosletrorparRelpril.release.xcconfig"; sourceTree = "<group>"; };
		1290857BA8BF3A64CEC462BD /* Pods-152SosletrorparRelpril.debug.xcconfig */ = {isa = PBXFileReference; includeInIndex = 1; lastKnownFileType = text.xcconfig; name = "Pods-152SosletrorparRelpril.debug.xcconfig"; path = "Target Support Files/Pods-152SosletrorparRelpril/Pods-152SosletrorparRelpril.debug.xcconfig"; sourceTree = "<group>"; };
		30328DD92FDBD50100696F7B /* AppColors.swift */ = {isa = PBXFileReference; lastKnownFileType = sourcecode.swift; path = AppColors.swift; sourceTree = "<group>"; };
		30328DDA2FDBD50100696F7B /* AppLinks.swift */ = {isa = PBXFileReference; lastKnownFileType = sourcecode.swift; path = AppLinks.swift; sourceTree = "<group>"; };
		30328DDB2FDBD50100696F7B /* AppStorage.swift */ = {isa = PBXFileReference; lastKnownFileType = sourcecode.swift; path = AppStorage.swift; sourceTree = "<group>"; };
		30328DDD2FDBD50100696F7B /* AppConfiguration.swift */ = {isa = PBXFileReference; lastKnownFileType = sourcecode.swift; path = AppConfiguration.swift; sourceTree = "<group>"; };
		30328DDE2FDBD50100696F7B /* CookieManager.swift */ = {isa = PBXFileReference; lastKnownFileType = sourcecode.swift; path = CookieManager.swift; sourceTree = "<group>"; };
		30328DDF2FDBD50100696F7B /* GameView.swift */ = {isa = PBXFileReference; lastKnownFileType = sourcecode.swift; path = GameView.swift; sourceTree = "<group>"; };
		30328DE02FDBD50100696F7B /* JSBridgeHandler.swift */ = {isa = PBXFileReference; lastKnownFileType = sourcecode.swift; path = JSBridgeHandler.swift; sourceTree = "<group>"; };
		30328DE12FDBD50100696F7B /* LoadingView.swift */ = {isa = PBXFileReference; lastKnownFileType = sourcecode.swift; path = LoadingView.swift; sourceTree = "<group>"; };
		30328DE22FDBD50100696F7B /* NavigationHandler.swift */ = {isa = PBXFileReference; lastKnownFileType = sourcecode.swift; path = NavigationHandler.swift; sourceTree = "<group>"; };
		30328DE32FDBD50100696F7B /* RootFlowView.swift */ = {isa = PBXFileReference; lastKnownFileType = sourcecode.swift; path = RootFlowView.swift; sourceTree = "<group>"; };
		30328DE42FDBD50100696F7B /* SplashView.swift */ = {isa = PBXFileReference; lastKnownFileType = sourcecode.swift; path = SplashView.swift; sourceTree = "<group>"; };
		30328DE52FDBD50100696F7B /* WebContainerView.swift */ = {isa = PBXFileReference; lastKnownFileType = sourcecode.swift; path = WebContainerView.swift; sourceTree = "<group>"; };
		30328DE62FDBD50100696F7B /* WebCoordinator.swift */ = {isa = PBXFileReference; lastKnownFileType = sourcecode.swift; path = WebCoordinator.swift; sourceTree = "<group>"; };
		30328DE82FDBD50100696F7B /* AppModels.swift */ = {isa = PBXFileReference; lastKnownFileType = sourcecode.swift; path = AppModels.swift; sourceTree = "<group>"; };
		30328DEA2FDBD50100696F7B /* ActivitiesViewModels.swift */ = {isa = PBXFileReference; lastKnownFileType = sourcecode.swift; path = ActivitiesViewModels.swift; sourceTree = "<group>"; };
		30328DF02FDBD50100696F7B /* AppViews.swift */ = {isa = PBXFileReference; lastKnownFileType = sourcecode.swift; path = AppViews.swift; sourceTree = "<group>"; };
		30328DF22FDBD50100696F7B /* AppDelegate.swift */ = {isa = PBXFileReference; lastKnownFileType = sourcecode.swift; path = AppDelegate.swift; sourceTree = "<group>"; };
		30328DF32FDBD50100696F7B /* Assets.xcassets */ = {isa = PBXFileReference; lastKnownFileType = folder.assetcatalog; path = Assets.xcassets; sourceTree = "<group>"; };
		30328DF42FDBD50100696F7B /* ContentView.swift */ = {isa = PBXFileReference; lastKnownFileType = sourcecode.swift; path = ContentView.swift; sourceTree = "<group>"; };
		30328DF52FDBD50100696F7B /* Info.plist */ = {isa = PBXFileReference; lastKnownFileType = text.plist.xml; path = Info.plist; sourceTree = "<group>"; };
		30328DF62FDBD50100696F7B /* Base */ = {isa = PBXFileReference; lastKnownFileType = file.storyboard; name = Base; path = Base.lproj/LaunchScreen.storyboard; sourceTree = "<group>"; };
		30328DF82FDBD50100696F7B /* Base */ = {isa = PBXFileReference; lastKnownFileType = file.storyboard; name = Base; path = Base.lproj/Main.storyboard; sourceTree = "<group>"; };
		30328DFA2FDBD50100696F7B /* SceneDelegate.swift */ = {isa = PBXFileReference; lastKnownFileType = sourcecode.swift; path = SceneDelegate.swift; sourceTree = "<group>"; };
		30328DFB2FDBD50100696F7B /* ViewController.swift */ = {isa = PBXFileReference; lastKnownFileType = sourcecode.swift; path = ViewController.swift; sourceTree = "<group>"; };
		3069679A2FAC7E6300EF45FD /* 152SosletrorparRelpril.app */ = {isa = PBXFileReference; explicitFileType = wrapper.application; includeInIndex = 0; path = 152SosletrorparRelpril.app; sourceTree = BUILT_PRODUCTS_DIR; };
		B5988903788C1E5BADC67EA8 /* Pods_152SosletrorparRelpril.framework */ = {isa = PBXFileReference; explicitFileType = wrapper.framework; includeInIndex = 0; path = Pods_152SosletrorparRelpril.framework; sourceTree = BUILT_PRODUCTS_DIR; };
/* End PBXFileReference section */

/* Begin PBXFrameworksBuildPhase section */
		306967972FAC7E6300EF45FD /* Frameworks */ = {
			isa = PBXFrameworksBuildPhase;
			buildActionMask = 2147483647;
			files = (
			);
			runOnlyForDeploymentPostprocessing = 0;
		};
/* End PBXFrameworksBuildPhase section */

/* Begin PBXGroup section */
		2F2ABC78AF5639C8079FA465 /* Frameworks */ = {
			isa = PBXGroup;
			children = (
				B5988903788C1E5BADC67EA8 /* Pods_152SosletrorparRelpril.framework */,
			);
			name = Frameworks;
			sourceTree = "<group>";
		};
		30328DDC2FDBD50100696F7B /* Core */ = {
			isa = PBXGroup;
			children = (
				30328DD92FDBD50100696F7B /* AppColors.swift */,
				30328DDA2FDBD50100696F7B /* AppLinks.swift */,
				30328DDB2FDBD50100696F7B /* AppStorage.swift */,
			);
			path = Core;
			sourceTree = "<group>";
		};
		30328DE72FDBD50100696F7B /* Loading */ = {
			isa = PBXGroup;
			children = (
				30328DDD2FDBD50100696F7B /* AppConfiguration.swift */,
				30328DDE2FDBD50100696F7B /* CookieManager.swift */,
				30328DDF2FDBD50100696F7B /* GameView.swift */,
				30328DE02FDBD50100696F7B /* JSBridgeHandler.swift */,
				30328DE12FDBD50100696F7B /* LoadingView.swift */,
				30328DE22FDBD50100696F7B /* NavigationHandler.swift */,
				30328DE32FDBD50100696F7B /* RootFlowView.swift */,
				30328DE42FDBD50100696F7B /* SplashView.swift */,
				30328DE52FDBD50100696F7B /* WebContainerView.swift */,
				30328DE62FDBD50100696F7B /* WebCoordinator.swift */,
			);
			path = Loading;
			sourceTree = "<group>";
		};
		30328DE92FDBD50100696F7B /* Models */ = {
			isa = PBXGroup;
			children = (
				30328DE82FDBD50100696F7B /* AppModels.swift */,
			);
			path = Models;
			sourceTree = "<group>";
		};
		30328DEB2FDBD50100696F7B /* ViewModels */ = {
			isa = PBXGroup;
			children = (
				30328DEA2FDBD50100696F7B /* ActivitiesViewModels.swift */,
			);
			path = ViewModels;
			sourceTree = "<group>";
		};
		30328DEC2FDBD50100696F7B /* Activities */ = {
			isa = PBXGroup;
			children = (
			);
			path = Activities;
			sourceTree = "<group>";
		};
		30328DED2FDBD50100696F7B /* Main */ = {
			isa = PBXGroup;
			children = (
			);
			path = Main;
			sourceTree = "<group>";
		};
		30328DEE2FDBD50100696F7B /* Onboarding */ = {
			isa = PBXGroup;
			children = (
			);
			path = Onboarding;
			sourceTree = "<group>";
		};
		30328DEF2FDBD50100696F7B /* Shared */ = {
			isa = PBXGroup;
			children = (
			);
			path = Shared;
			sourceTree = "<group>";
		};
		30328DF12FDBD50100696F7B /* Views */ = {
			isa = PBXGroup;
			children = (
				30328DEC2FDBD50100696F7B /* Activities */,
				30328DED2FDBD50100696F7B /* Main */,
				30328DEE2FDBD50100696F7B /* Onboarding */,
				30328DEF2FDBD50100696F7B /* Shared */,
				30328DF02FDBD50100696F7B /* AppViews.swift */,
			);
			path = Views;
			sourceTree = "<group>";
		};
		30328DFC2FDBD50100696F7B /* 152SosletrorparRelpril */ = {
			isa = PBXGroup;
			children = (
				30328DDC2FDBD50100696F7B /* Core */,
				30328DE72FDBD50100696F7B /* Loading */,
				30328DE92FDBD50100696F7B /* Models */,
				30328DEB2FDBD50100696F7B /* ViewModels */,
				30328DF12FDBD50100696F7B /* Views */,
				30328DF22FDBD50100696F7B /* AppDelegate.swift */,
				30328DF32FDBD50100696F7B /* Assets.xcassets */,
				30328DF42FDBD50100696F7B /* ContentView.swift */,
				30328DF52FDBD50100696F7B /* Info.plist */,
				30328DF72FDBD50100696F7B /* LaunchScreen.storyboard */,
				30328DF92FDBD50100696F7B /* Main.storyboard */,
				30328DFA2FDBD50100696F7B /* SceneDelegate.swift */,
				30328DFB2FDBD50100696F7B /* ViewController.swift */,
			);
			path = 152SosletrorparRelpril;
			sourceTree = "<group>";
		};
		306967912FAC7E6300EF45FD = {
			isa = PBXGroup;
			children = (
				30328DFC2FDBD50100696F7B /* 152SosletrorparRelpril */,
				3069679B2FAC7E6300EF45FD /* Products */,
				68FE298459CBF63B01E54D35 /* Pods */,
				2F2ABC78AF5639C8079FA465 /* Frameworks */,
			);
			sourceTree = "<group>";
		};
		3069679B2FAC7E6300EF45FD /* Products */ = {
			isa = PBXGroup;
			children = (
				3069679A2FAC7E6300EF45FD /* 152SosletrorparRelpril.app */,
			);
			name = Products;
			sourceTree = "<group>";
		};
		68FE298459CBF63B01E54D35 /* Pods */ = {
			isa = PBXGroup;
			children = (
				1290857BA8BF3A64CEC462BD /* Pods-152SosletrorparRelpril.debug.xcconfig */,
				117828FF46666A19C2DE2B75 /* Pods-152SosletrorparRelpril.release.xcconfig */,
			);
			path = Pods;
			sourceTree = "<group>";
		};
/* End PBXGroup section */

/* Begin PBXNativeTarget section */
		306967992FAC7E6300EF45FD /* 152SosletrorparRelpril */ = {
			isa = PBXNativeTarget;
			buildConfigurationList = 306967AD2FAC7E6600EF45FD /* Build configuration list for PBXNativeTarget "152SosletrorparRelpril" */;
			buildPhases = (
				4C1C4BAFFD926AAD7FE9E18A /* [CP] Check Pods Manifest.lock */,
				306967962FAC7E6300EF45FD /* Sources */,
				306967972FAC7E6300EF45FD /* Frameworks */,
				306967982FAC7E6300EF45FD /* Resources */,
			);
			buildRules = (
			);
			dependencies = (
			);
			name = 152SosletrorparRelpril;
			productName = 152SosletrorparRelpril;
			productReference = 3069679A2FAC7E6300EF45FD /* 152SosletrorparRelpril.app */;
			productType = "com.apple.product-type.application";
		};
/* End PBXNativeTarget section */

/* Begin PBXProject section */
		306967922FAC7E6300EF45FD /* Project object */ = {
			isa = PBXProject;
			attributes = {
				BuildIndependentTargetsInParallel = 1;
				LastSwiftUpdateCheck = 2640;
				LastUpgradeCheck = 2640;
				TargetAttributes = {
					306967992FAC7E6300EF45FD = {
						CreatedOnToolsVersion = 26.4.1;
					};
				};
			};
			buildConfigurationList = 306967952FAC7E6300EF45FD /* Build configuration list for PBXProject "152SosletrorparRelpril" */;
			compatibilityVersion = "Xcode 15.0";
			developmentRegion = en;
			hasScannedForEncodings = 0;
			knownRegions = (
				en,
				Base,
			);
			mainGroup = 306967912FAC7E6300EF45FD;
			productRefGroup = 3069679B2FAC7E6300EF45FD /* Products */;
			projectDirPath = "";
			projectRoot = "";
			targets = (
				306967992FAC7E6300EF45FD /* 152SosletrorparRelpril */,
			);
		};
/* End PBXProject section */

/* Begin PBXResourcesBuildPhase section */
		306967982FAC7E6300EF45FD /* Resources */ = {
			isa = PBXResourcesBuildPhase;
			buildActionMask = 2147483647;
			files = (
				30328DFD2FDBD50100696F7B /* Assets.xcassets in Resources */,
				30328DFF2FDBD50100696F7B /* LaunchScreen.storyboard in Resources */,
				30328E002FDBD50100696F7B /* Main.storyboard in Resources */,
			);
			runOnlyForDeploymentPostprocessing = 0;
		};
/* End PBXResourcesBuildPhase section */

/* Begin PBXShellScriptBuildPhase section */
		4C1C4BAFFD926AAD7FE9E18A /* [CP] Check Pods Manifest.lock */ = {
			isa = PBXShellScriptBuildPhase;
			buildActionMask = 2147483647;
			files = (
			);
			inputFileListPaths = (
			);
			inputPaths = (
				"${PODS_PODFILE_DIR_PATH}/Podfile.lock",
				"${PODS_ROOT}/Manifest.lock",
			);
			name = "[CP] Check Pods Manifest.lock";
			outputFileListPaths = (
			);
			outputPaths = (
				"$(DERIVED_FILE_DIR)/Pods-152SosletrorparRelpril-checkManifestLockResult.txt",
			);
			runOnlyForDeploymentPostprocessing = 0;
			shellPath = /bin/sh;
			shellScript = "diff \"${PODS_PODFILE_DIR_PATH}/Podfile.lock\" \"${PODS_ROOT}/Manifest.lock\" > /dev/null\nif [ $? != 0 ] ; then\n    # print error to STDERR\n    echo \"error: The sandbox is not in sync with the Podfile.lock. Run 'pod install' or update your CocoaPods installation.\" >&2\n    exit 1\nfi\n# This output is used by Xcode 'outputs' to avoid re-running this script phase.\necho \"SUCCESS\" > \"${SCRIPT_OUTPUT_FILE_0}\"\n";
			showEnvVarsInLog = 0;
		};
/* End PBXShellScriptBuildPhase section */

/* Begin PBXSourcesBuildPhase section */
		306967962FAC7E6300EF45FD /* Sources */ = {
			isa = PBXSourcesBuildPhase;
			buildActionMask = 2147483647;
			files = (
				30328E012FDBD50100696F7B /* AppColors.swift in Sources */,
				30328E022FDBD50100696F7B /* AppLinks.swift in Sources */,
				30328E032FDBD50100696F7B /* AppStorage.swift in Sources */,
				30328E042FDBD50100696F7B /* AppConfiguration.swift in Sources */,
				30328E052FDBD50100696F7B /* CookieManager.swift in Sources */,
				30328E062FDBD50100696F7B /* GameView.swift in Sources */,
				30328E072FDBD50100696F7B /* JSBridgeHandler.swift in Sources */,
				30328E082FDBD50100696F7B /* LoadingView.swift in Sources */,
				30328E092FDBD50100696F7B /* NavigationHandler.swift in Sources */,
				30328E0A2FDBD50100696F7B /* RootFlowView.swift in Sources */,
				30328E0B2FDBD50100696F7B /* SplashView.swift in Sources */,
				30328E0C2FDBD50100696F7B /* WebContainerView.swift in Sources */,
				30328E0D2FDBD50100696F7B /* WebCoordinator.swift in Sources */,
				30328E0E2FDBD50100696F7B /* AppModels.swift in Sources */,
				30328E0F2FDBD50100696F7B /* ActivitiesViewModels.swift in Sources */,
				30328E102FDBD50100696F7B /* AppViews.swift in Sources */,
				30328E112FDBD50100696F7B /* AppDelegate.swift in Sources */,
				30328E122FDBD50100696F7B /* ContentView.swift in Sources */,
				30328E132FDBD50100696F7B /* SceneDelegate.swift in Sources */,
				30328E142FDBD50100696F7B /* ViewController.swift in Sources */,
			);
			runOnlyForDeploymentPostprocessing = 0;
		};
/* End PBXSourcesBuildPhase section */

/* Begin PBXVariantGroup section */
		30328DF72FDBD50100696F7B /* LaunchScreen.storyboard */ = {
			isa = PBXVariantGroup;
			children = (
				30328DF62FDBD50100696F7B /* Base */,
			);
			name = LaunchScreen.storyboard;
			sourceTree = "<group>";
		};
		30328DF92FDBD50100696F7B /* Main.storyboard */ = {
			isa = PBXVariantGroup;
			children = (
				30328DF82FDBD50100696F7B /* Base */,
			);
			name = Main.storyboard;
			sourceTree = "<group>";
		};
/* End PBXVariantGroup section */

/* Begin XCBuildConfiguration section */
		306967AE2FAC7E6600EF45FD /* Debug */ = {
			isa = XCBuildConfiguration;
			baseConfigurationReference = 1290857BA8BF3A64CEC462BD /* Pods-152SosletrorparRelpril.debug.xcconfig */;
			buildSettings = {
				ASSETCATALOG_COMPILER_APPICON_NAME = AppIcon;
				ASSETCATALOG_COMPILER_GLOBAL_ACCENT_COLOR_NAME = AccentColor;
				CODE_SIGN_STYLE = Automatic;
				CURRENT_PROJECT_VERSION = 2;
				GENERATE_INFOPLIST_FILE = YES;
				INFOPLIST_FILE = 152SosletrorparRelpril/Info.plist;
				INFOPLIST_KEY_CFBundleDisplayName = "Sosletrorpar Relpril";
				INFOPLIST_KEY_UIApplicationSupportsIndirectInputEvents = YES;
				INFOPLIST_KEY_UILaunchStoryboardName = LaunchScreen;
				INFOPLIST_KEY_UIMainStoryboardFile = Main;
				INFOPLIST_KEY_UIRequiresFullScreen = YES;
				INFOPLIST_KEY_UISupportedInterfaceOrientations = "UIInterfaceOrientationLandscapeLeft UIInterfaceOrientationLandscapeRight UIInterfaceOrientationPortrait";
				INFOPLIST_KEY_UISupportedInterfaceOrientations_iPad = UIInterfaceOrientationPortrait;
				IPHONEOS_DEPLOYMENT_TARGET = 17;
				LD_RUNPATH_SEARCH_PATHS = (
					"$(inherited)",
					"@executable_path/Frameworks",
				);
				MARKETING_VERSION = 1.1;
				PRODUCT_BUNDLE_IDENTIFIER = com.bug.s0sl3tr0rp3rr3lpr9l;
				PRODUCT_NAME = "$(TARGET_NAME)";
				STRING_CATALOG_GENERATE_SYMBOLS = YES;
				SUPPORTED_PLATFORMS = "iphoneos iphonesimulator";
				SUPPORTS_MACCATALYST = NO;
				SUPPORTS_MAC_DESIGNED_FOR_IPHONE_IPAD = NO;
				SUPPORTS_XR_DESIGNED_FOR_IPHONE_IPAD = NO;
				SWIFT_APPROACHABLE_CONCURRENCY = YES;
				SWIFT_DEFAULT_ACTOR_ISOLATION = MainActor;
				SWIFT_EMIT_LOC_STRINGS = YES;
				SWIFT_UPCOMING_FEATURE_MEMBER_IMPORT_VISIBILITY = YES;
				SWIFT_VERSION = 5.0;
				TARGETED_DEVICE_FAMILY = 1;
			};
			name = Debug;
		};
		306967AF2FAC7E6600EF45FD /* Release */ = {
			isa = XCBuildConfiguration;
			baseConfigurationReference = 117828FF46666A19C2DE2B75 /* Pods-152SosletrorparRelpril.release.xcconfig */;
			buildSettings = {
				ASSETCATALOG_COMPILER_APPICON_NAME = AppIcon;
				ASSETCATALOG_COMPILER_GLOBAL_ACCENT_COLOR_NAME = AccentColor;
				CODE_SIGN_STYLE = Automatic;
				CURRENT_PROJECT_VERSION = 2;
				GENERATE_INFOPLIST_FILE = YES;
				INFOPLIST_FILE = 152SosletrorparRelpril/Info.plist;
				INFOPLIST_KEY_CFBundleDisplayName = "Sosletrorpar Relpril";
				INFOPLIST_KEY_UIApplicationSupportsIndirectInputEvents = YES;
				INFOPLIST_KEY_UILaunchStoryboardName = LaunchScreen;
				INFOPLIST_KEY_UIMainStoryboardFile = Main;
				INFOPLIST_KEY_UIRequiresFullScreen = YES;
				INFOPLIST_KEY_UISupportedInterfaceOrientations = "UIInterfaceOrientationLandscapeLeft UIInterfaceOrientationLandscapeRight UIInterfaceOrientationPortrait";
				INFOPLIST_KEY_UISupportedInterfaceOrientations_iPad = UIInterfaceOrientationPortrait;
				IPHONEOS_DEPLOYMENT_TARGET = 17;
				LD_RUNPATH_SEARCH_PATHS = (
					"$(inherited)",
					"@executable_path/Frameworks",
				);
				MARKETING_VERSION = 1.1;
				PRODUCT_BUNDLE_IDENTIFIER = com.bug.s0sl3tr0rp3rr3lpr9l;
				PRODUCT_NAME = "$(TARGET_NAME)";
				STRING_CATALOG_GENERATE_SYMBOLS = YES;
				SUPPORTED_PLATFORMS = "iphoneos iphonesimulator";
				SUPPORTS_MACCATALYST = NO;
				SUPPORTS_MAC_DESIGNED_FOR_IPHONE_IPAD = NO;
				SUPPORTS_XR_DESIGNED_FOR_IPHONE_IPAD = NO;
				SWIFT_APPROACHABLE_CONCURRENCY = YES;
				SWIFT_DEFAULT_ACTOR_ISOLATION = MainActor;
				SWIFT_EMIT_LOC_STRINGS = YES;
				SWIFT_UPCOMING_FEATURE_MEMBER_IMPORT_VISIBILITY = YES;
				SWIFT_VERSION = 5.0;
				TARGETED_DEVICE_FAMILY = 1;
			};
			name = Release;
		};
		306967B02FAC7E6600EF45FD /* Debug */ = {
			isa = XCBuildConfiguration;
			buildSettings = {
				ALWAYS_SEARCH_USER_PATHS = NO;
				ASSETCATALOG_COMPILER_GENERATE_SWIFT_ASSET_SYMBOL_EXTENSIONS = NO;
				CLANG_ANALYZER_NONNULL = YES;
				CLANG_ANALYZER_NUMBER_OBJECT_CONVERSION = YES_AGGRESSIVE;
				CLANG_CXX_LANGUAGE_STANDARD = "gnu++20";
				CLANG_ENABLE_MODULES = YES;
				CLANG_ENABLE_OBJC_ARC = YES;
				CLANG_ENABLE_OBJC_WEAK = YES;
				CLANG_WARN_BLOCK_CAPTURE_AUTORELEASING = YES;
				CLANG_WARN_BOOL_CONVERSION = YES;
				CLANG_WARN_COMMA = YES;
				CLANG_WARN_CONSTANT_CONVERSION = YES;
				CLANG_WARN_DEPRECATED_OBJC_IMPLEMENTATIONS = YES;
				CLANG_WARN_DIRECT_OBJC_ISA_USAGE = YES_ERROR;
				CLANG_WARN_DOCUMENTATION_COMMENTS = YES;
				CLANG_WARN_EMPTY_BODY = YES;
				CLANG_WARN_ENUM_CONVERSION = YES;
				CLANG_WARN_INFINITE_RECURSION = YES;
				CLANG_WARN_INT_CONVERSION = YES;
				CLANG_WARN_NON_LITERAL_NULL_CONVERSION = YES;
				CLANG_WARN_OBJC_IMPLICIT_RETAIN_SELF = YES;
				CLANG_WARN_OBJC_LITERAL_CONVERSION = YES;
				CLANG_WARN_OBJC_ROOT_CLASS = YES_ERROR;
				CLANG_WARN_QUOTED_INCLUDE_IN_FRAMEWORK_HEADER = YES;
				CLANG_WARN_RANGE_LOOP_ANALYSIS = YES;
				CLANG_WARN_STRICT_PROTOTYPES = YES;
				CLANG_WARN_SUSPICIOUS_MOVE = YES;
				CLANG_WARN_UNGUARDED_AVAILABILITY = YES_AGGRESSIVE;
				CLANG_WARN_UNREACHABLE_CODE = YES;
				CLANG_WARN__DUPLICATE_METHOD_MATCH = YES;
				COPY_PHASE_STRIP = NO;
				DEBUG_INFORMATION_FORMAT = dwarf;
				ENABLE_STRICT_OBJC_MSGSEND = YES;
				ENABLE_TESTABILITY = YES;
				ENABLE_USER_SCRIPT_SANDBOXING = YES;
				GCC_C_LANGUAGE_STANDARD = gnu17;
				GCC_DYNAMIC_NO_PIC = NO;
				GCC_NO_COMMON_BLOCKS = YES;
				GCC_OPTIMIZATION_LEVEL = 0;
				GCC_PREPROCESSOR_DEFINITIONS = (
					"DEBUG=1",
					"$(inherited)",
				);
				GCC_WARN_64_TO_32_BIT_CONVERSION = YES;
				GCC_WARN_ABOUT_RETURN_TYPE = YES_ERROR;
				GCC_WARN_UNDECLARED_SELECTOR = YES;
				GCC_WARN_UNINITIALIZED_AUTOS = YES_AGGRESSIVE;
				GCC_WARN_UNUSED_FUNCTION = YES;
				GCC_WARN_UNUSED_VARIABLE = YES;
				IPHONEOS_DEPLOYMENT_TARGET = 16.0;
				LOCALIZATION_PREFERS_STRING_CATALOGS = YES;
				MTL_ENABLE_DEBUG_INFO = INCLUDE_SOURCE;
				MTL_FAST_MATH = YES;
				ONLY_ACTIVE_ARCH = YES;
				SDKROOT = iphoneos;
				SWIFT_ACTIVE_COMPILATION_CONDITIONS = "DEBUG $(inherited)";
				SWIFT_OPTIMIZATION_LEVEL = "-Onone";
			};
			name = Debug;
		};
		306967B12FAC7E6600EF45FD /* Release */ = {
			isa = XCBuildConfiguration;
			buildSettings = {
				ALWAYS_SEARCH_USER_PATHS = NO;
				ASSETCATALOG_COMPILER_GENERATE_SWIFT_ASSET_SYMBOL_EXTENSIONS = NO;
				CLANG_ANALYZER_NONNULL = YES;
				CLANG_ANALYZER_NUMBER_OBJECT_CONVERSION = YES_AGGRESSIVE;
				CLANG_CXX_LANGUAGE_STANDARD = "gnu++20";
				CLANG_ENABLE_MODULES = YES;
				CLANG_ENABLE_OBJC_ARC = YES;
				CLANG_ENABLE_OBJC_WEAK = YES;
				CLANG_WARN_BLOCK_CAPTURE_AUTORELEASING = YES;
				CLANG_WARN_BOOL_CONVERSION = YES;
				CLANG_WARN_COMMA = YES;
				CLANG_WARN_CONSTANT_CONVERSION = YES;
				CLANG_WARN_DEPRECATED_OBJC_IMPLEMENTATIONS = YES;
				CLANG_WARN_DIRECT_OBJC_ISA_USAGE = YES_ERROR;
				CLANG_WARN_DOCUMENTATION_COMMENTS = YES;
				CLANG_WARN_EMPTY_BODY = YES;
				CLANG_WARN_ENUM_CONVERSION = YES;
				CLANG_WARN_INFINITE_RECURSION = YES;
				CLANG_WARN_INT_CONVERSION = YES;
				CLANG_WARN_NON_LITERAL_NULL_CONVERSION = YES;
				CLANG_WARN_OBJC_IMPLICIT_RETAIN_SELF = YES;
				CLANG_WARN_OBJC_LITERAL_CONVERSION = YES;
				CLANG_WARN_OBJC_ROOT_CLASS = YES_ERROR;
				CLANG_WARN_QUOTED_INCLUDE_IN_FRAMEWORK_HEADER = YES;
				CLANG_WARN_RANGE_LOOP_ANALYSIS = YES;
				CLANG_WARN_STRICT_PROTOTYPES = YES;
				CLANG_WARN_SUSPICIOUS_MOVE = YES;
				CLANG_WARN_UNGUARDED_AVAILABILITY = YES_AGGRESSIVE;
				CLANG_WARN_UNREACHABLE_CODE = YES;
				CLANG_WARN__DUPLICATE_METHOD_MATCH = YES;
				COPY_PHASE_STRIP = NO;
				DEBUG_INFORMATION_FORMAT = "dwarf-with-dsym";
				ENABLE_NS_ASSERTIONS = NO;
				ENABLE_STRICT_OBJC_MSGSEND = YES;
				ENABLE_USER_SCRIPT_SANDBOXING = YES;
				GCC_C_LANGUAGE_STANDARD = gnu17;
				GCC_NO_COMMON_BLOCKS = YES;
				GCC_WARN_64_TO_32_BIT_CONVERSION = YES;
				GCC_WARN_ABOUT_RETURN_TYPE = YES_ERROR;
				GCC_WARN_UNDECLARED_SELECTOR = YES;
				GCC_WARN_UNINITIALIZED_AUTOS = YES_AGGRESSIVE;
				GCC_WARN_UNUSED_FUNCTION = YES;
				GCC_WARN_UNUSED_VARIABLE = YES;
				IPHONEOS_DEPLOYMENT_TARGET = 16.0;
				LOCALIZATION_PREFERS_STRING_CATALOGS = YES;
				MTL_ENABLE_DEBUG_INFO = NO;
				MTL_FAST_MATH = YES;
				SDKROOT = iphoneos;
				SWIFT_COMPILATION_MODE = wholemodule;
				VALIDATE_PRODUCT = YES;
			};
			name = Release;
		};
/* End XCBuildConfiguration section */

/* Begin XCConfigurationList section */
		306967952FAC7E6300EF45FD /* Build configuration list for PBXProject "152SosletrorparRelpril" */ = {
			isa = XCConfigurationList;
			buildConfigurations = (
				306967B02FAC7E6600EF45FD /* Debug */,
				306967B12FAC7E6600EF45FD /* Release */,
			);
			defaultConfigurationIsVisible = 0;
			defaultConfigurationName = Release;
		};
		306967AD2FAC7E6600EF45FD /* Build configuration list for PBXNativeTarget "152SosletrorparRelpril" */ = {
			isa = XCConfigurationList;
			buildConfigurations = (
				306967AE2FAC7E6600EF45FD /* Debug */,
				306967AF2FAC7E6600EF45FD /* Release */,
			);
			defaultConfigurationIsVisible = 0;
			defaultConfigurationName = Release;
		};
/* End XCConfigurationList section */
	};
	rootObject = 306967922FAC7E6300EF45FD /* Project object */;
}
